// !$*UTF8*$!
{
	archiveVersion = 1;
	classes = {
	};
	objectVersion = 50;
	objects = {

/* Begin PBXBuildFile section */
		57CB15A025268237004D430A /* AppDelegate.swift in Sources */ = {isa = PBXBuildFile; fileRef = 57CB159F25268237004D430A /* AppDelegate.swift */; };
		57CB15A225268237004D430A /* SceneDelegate.swift in Sources */ = {isa = PBXBuildFile; fileRef = 57CB15A125268237004D430A /* SceneDelegate.swift */; };
		57CB15A425268237004D430A /* TaskListViewController.swift in Sources */ = {isa = PBXBuildFile; fileRef = 57CB15A325268237004D430A /* TaskListViewController.swift */; };
		57CB15A725268237004D430A /* Main.storyboard in Resources */ = {isa = PBXBuildFile; fileRef = 57CB15A525268237004D430A /* Main.storyboard */; };
		57CB15A92526823A004D430A /* Assets.xcassets in Resources */ = {isa = PBXBuildFile; fileRef = 57CB15A82526823A004D430A /* Assets.xcassets */; };
		57CB15AC2526823A004D430A /* LaunchScreen.storyboard in Resources */ = {isa = PBXBuildFile; fileRef = 57CB15AA2526823A004D430A /* LaunchScreen.storyboard */; };
		57DD4E12252688FD0007CA98 /* EntryViewController.swift in Sources */ = {isa = PBXBuildFile; fileRef = 57DD4E11252688FD0007CA98 /* EntryViewController.swift */; };
		57DD4E142526891D0007CA98 /* TaskViewController.swift in Sources */ = {isa = PBXBuildFile; fileRef = 57DD4E132526891D0007CA98 /* TaskViewController.swift */; };
		57E0F0E625311F1E00C7BA82 /* Tasks.xcdatamodeld in Sources */ = {isa = PBXBuildFile; fileRef = 57E0F0E425311F1E00C7BA82 /* Tasks.xcdatamodeld */; };
		57E0F0E825311F9F00C7BA82 /* PersistenceController.swift in Sources */ = {isa = PBXBuildFile; fileRef = 57E0F0E725311F9F00C7BA82 /* PersistenceController.swift */; };
/* End PBXBuildFile section */

/* Begin PBXFileReference section */
		57CB159C25268237004D430A /* Tasks.app */ = {isa = PBXFileReference; explicitFileType = wrapper.application; includeInIndex = 0; path = Tasks.app; sourceTree = BUILT_PRODUCTS_DIR; };
		57CB159F25268237004D430A /* AppDelegate.swift */ = {isa = PBXFileReference; lastKnownFileType = sourcecode.swift; path = AppDelegate.swift; sourceTree = "<group>"; };
		57CB15A125268237004D430A /* SceneDelegate.swift */ = {isa = PBXFileReference; lastKnownFileType = sourcecode.swift; path = SceneDelegate.swift; sourceTree = "<group>"; };
		57CB15A325268237004D430A /* TaskListViewController.swift */ = {isa = PBXFileReference; lastKnownFileType = sourcecode.swift; path = TaskListViewController.swift; sourceTree = "<group>"; };
		57CB15A625268237004D430A /* Base */ = {isa = PBXFileReference; lastKnownFileType = file.storyboard; name = Base; path = Base.lproj/Main.storyboard; sourceTree = "<group>"; };
		57CB15A82526823A004D430A /* Assets.xcassets */ = {isa = PBXFileReference; lastKnownFileType = folder.assetcatalog; path = Assets.xcassets; sourceTree = "<group>"; };
		57CB15AB2526823A004D430A /* Base */ = {isa = PBXFileReference; lastKnownFileType = file.storyboard; name = Base; path = Base.lproj/LaunchScreen.storyboard; sourceTree = "<group>"; };
		57CB15AD2526823A004D430A /* Info.plist */ = {isa = PBXFileReference; lastKnownFileType = text.plist.xml; path = Info.plist; sourceTree = "<group>"; };
		57DD4E11252688FD0007CA98 /* EntryViewController.swift */ = {isa = PBXFileReference; lastKnownFileType = sourcecode.swift; path = EntryViewController.swift; sourceTree = "<group>"; };
		57DD4E132526891D0007CA98 /* TaskViewController.swift */ = {isa = PBXFileReference; lastKnownFileType = sourcecode.swift; path = TaskViewController.swift; sourceTree = "<group>"; };
		57E0F0E525311F1E00C7BA82 /* Model.xcdatamodel */ = {isa = PBXFileReference; lastKnownFileType = wrapper.xcdatamodel; path = Model.xcdatamodel; sourceTree = "<group>"; };
		57E0F0E725311F9F00C7BA82 /* PersistenceController.swift */ = {isa = PBXFileReference; lastKnownFileType = sourcecode.swift; path = PersistenceController.swift; sourceTree = "<group>"; };
/* End PBXFileReference section */

/* Begin PBXFrameworksBuildPhase section */
		57CB159925268237004D430A /* Frameworks */ = {
			isa = PBXFrameworksBuildPhase;
			buildActionMask = 2147483647;
			files = (
			);
			runOnlyForDeploymentPostprocessing = 0;
		};
/* End PBXFrameworksBuildPhase section */

/* Begin PBXGroup section */
		57878673252E57F000959002 /* View Controllers */ = {
			isa = PBXGroup;
			children = (
				57CB15A325268237004D430A /* TaskListViewController.swift */,
				57DD4E11252688FD0007CA98 /* EntryViewController.swift */,
				57DD4E132526891D0007CA98 /* TaskViewController.swift */,
			);
			path = "View Controllers";
			sourceTree = "<group>";
		};
		57878674252E580B00959002 /* Views */ = {
			isa = PBXGroup;
			children = (
				57CB15A525268237004D430A /* Main.storyboard */,
				57CB15AA2526823A004D430A /* LaunchScreen.storyboard */,
			);
			path = Views;
			sourceTree = "<group>";
		};
		5799BE14252E6B5100792619 /* Models */ = {
			isa = PBXGroup;
			children = (
				57E0F0E425311F1E00C7BA82 /* Tasks.xcdatamodeld */,
				57E0F0E725311F9F00C7BA82 /* PersistenceController.swift */,
			);
			path = Models;
			sourceTree = "<group>";
		};
		57CB159325268237004D430A = {
			isa = PBXGroup;
			children = (
				57CB159E25268237004D430A /* Tasks */,
				57CB159D25268237004D430A /* Products */,
			);
			sourceTree = "<group>";
		};
		57CB159D25268237004D430A /* Products */ = {
			isa = PBXGroup;
			children = (
				57CB159C25268237004D430A /* Tasks.app */,
			);
			name = Products;
			sourceTree = "<group>";
		};
		57CB159E25268237004D430A /* Tasks */ = {
			isa = PBXGroup;
			children = (
				57CB159F25268237004D430A /* AppDelegate.swift */,
				57CB15A125268237004D430A /* SceneDelegate.swift */,
				5799BE14252E6B5100792619 /* Models */,
				57878673252E57F000959002 /* View Controllers */,
				57878674252E580B00959002 /* Views */,
				57CB15A82526823A004D430A /* Assets.xcassets */,
				57CB15AD2526823A004D430A /* Info.plist */,
			);
			path = Tasks;
			sourceTree = "<group>";
		};
/* End PBXGroup section */

/* Begin PBXNativeTarget section */
		57CB159B25268237004D430A /* Tasks */ = {
			isa = PBXNativeTarget;
			buildConfigurationList = 57CB15B02526823A004D430A /* Build configuration list for PBXNativeTarget "Tasks" */;
			buildPhases = (
				57CB159825268237004D430A /* Sources */,
				57CB159925268237004D430A /* Frameworks */,
				57CB159A25268237004D430A /* Resources */,
			);
			buildRules = (
			);
			dependencies = (
			);
			name = Tasks;
			productName = Tasks;
			productReference = 57CB159C25268237004D430A /* Tasks.app */;
			productType = "com.apple.product-type.application";
		};
/* End PBXNativeTarget section */

/* Begin PBXProject section */
		57CB159425268237004D430A /* Project object */ = {
			isa = PBXProject;
			attributes = {
				LastSwiftUpdateCheck = 1170;
				LastUpgradeCheck = 1170;
				ORGANIZATIONNAME = "Joshua Seitz";
				TargetAttributes = {
					57CB159B25268237004D430A = {
						CreatedOnToolsVersion = 11.7;
					};
				};
			};
			buildConfigurationList = 57CB159725268237004D430A /* Build configuration list for PBXProject "Tasks" */;
			compatibilityVersion = "Xcode 9.3";
			developmentRegion = en;
			hasScannedForEncodings = 0;
			knownRegions = (
				en,
				Base,
			);
			mainGroup = 57CB159325268237004D430A;
			productRefGroup = 57CB159D25268237004D430A /* Products */;
			projectDirPath = "";
			projectRoot = "";
			targets = (
				57CB159B25268237004D430A /* Tasks */,
			);
		};
/* End PBXProject section */

/* Begin PBXResourcesBuildPhase section */
		57CB159A25268237004D430A /* Resources */ = {
			isa = PBXResourcesBuildPhase;
			buildActionMask = 2147483647;
			files = (
				57CB15AC2526823A004D430A /* LaunchScreen.storyboard in Resources */,
				57CB15A92526823A004D430A /* Assets.xcassets in Resources */,
				57CB15A725268237004D430A /* Main.storyboard in Resources */,
			);
			runOnlyForDeploymentPostprocessing = 0;
		};
/* End PBXResourcesBuildPhase section */

/* Begin PBXSourcesBuildPhase section */
		57CB159825268237004D430A /* Sources */ = {
			isa = PBXSourcesBuildPhase;
			buildActionMask = 2147483647;
			files = (
				57CB15A425268237004D430A /* TaskListViewController.swift in Sources */,
				57DD4E12252688FD0007CA98 /* EntryViewController.swift in Sources */,
				57DD4E142526891D0007CA98 /* TaskViewController.swift in Sources */,
				57E0F0E625311F1E00C7BA82 /* Tasks.xcdatamodeld in Sources */,
				57CB15A025268237004D430A /* AppDelegate.swift in Sources */,
				57CB15A225268237004D430A /* SceneDelegate.swift in Sources */,
				57E0F0E825311F9F00C7BA82 /* PersistenceController.swift in Sources */,
			);
			runOnlyForDeploymentPostprocessing = 0;
		};
/* End PBXSourcesBuildPhase section */

/* Begin PBXVariantGroup section */
		57CB15A525268237004D430A /* Main.storyboard */ = {
			isa = PBXVariantGroup;
			children = (
				57CB15A625268237004D430A /* Base */,
			);
			name = Main.storyboard;
			sourceTree = "<group>";
		};
		57CB15AA2526823A004D430A /* LaunchScreen.storyboard */ = {
			isa = PBXVariantGroup;
			children = (
				57CB15AB2526823A004D430A /* Base */,
			);
			name = LaunchScreen.storyboard;
			sourceTree = "<group>";
		};
/* End PBXVariantGroup section */

/* Begin XCBuildConfiguration section */
		57CB15AE2526823A004D430A /* Debug */ = {
			isa = XCBuildConfiguration;
			buildSettings = {
				ALWAYS_SEARCH_USER_PATHS = NO;
				CLANG_ANALYZER_NONNULL = YES;
				CLANG_ANALYZER_NUMBER_OBJECT_CONVERSION = YES_AGGRESSIVE;
				CLANG_CXX_LANGUAGE_STANDARD = "gnu++14";
				CLANG_CXX_LIBRARY = "libc++";
				CLANG_ENABLE_MODULES = YES;
				CLANG_ENABLE_OBJC_ARC = YES;
				CLANG_ENABLE_OBJC_WEAK = YES;
				CLANG_WARN_BLOCK_CAPTURE_AUTORELEASING = YES;
				CLANG_WARN_BOOL_CONVERSION = YES;
				CLANG_WARN_COMMA = YES;
				CLANG_WARN_CONSTANT_CONVERSION = YES;
				CLANG_WARN_DEPRECATED_OBJC_IMPLEMENTATIONS = YES;
				CLANG_WARN_DIRECT_OBJC_ISA_USAGE = YES_ERROR;
				CLANG_WARN_DOCUMENTATION_COMMENTS = YES;
				CLANG_WARN_EMPTY_BODY = YES;
				CLANG_WARN_ENUM_CONVERSION = YES;
				CLANG_WARN_INFINITE_RECURSION = YES;
				CLANG_WARN_INT_CONVERSION = YES;
				CLANG_WARN_NON_LITERAL_NULL_CONVERSION = YES;
				CLANG_WARN_OBJC_IMPLICIT_RETAIN_SELF = YES;
				CLANG_WARN_OBJC_LITERAL_CONVERSION = YES;
				CLANG_WARN_OBJC_ROOT_CLASS = YES_ERROR;
				CLANG_WARN_RANGE_LOOP_ANALYSIS = YES;
				CLANG_WARN_STRICT_PROTOTYPES = YES;
				CLANG_WARN_SUSPICIOUS_MOVE = YES;
				CLANG_WARN_UNGUARDED_AVAILABILITY = YES_AGGRESSIVE;
				CLANG_WARN_UNREACHABLE_CODE = YES;
				CLANG_WARN__DUPLICATE_METHOD_MATCH = YES;
				COPY_PHASE_STRIP = NO;
				DEBUG_INFORMATION_FORMAT = dwarf;
				ENABLE_STRICT_OBJC_MSGSEND = YES;
				ENABLE_TESTABILITY = YES;
				GCC_C_LANGUAGE_STANDARD = gnu11;
				GCC_DYNAMIC_NO_PIC = NO;
				GCC_NO_COMMON_BLOCKS = YES;
				GCC_OPTIMIZATION_LEVEL = 0;
				GCC_PREPROCESSOR_DEFINITIONS = (
					"DEBUG=1",
					"$(inherited)",
				);
				GCC_WARN_64_TO_32_BIT_CONVERSION = YES;
				GCC_WARN_ABOUT_RETURN_TYPE = YES_ERROR;
				GCC_WARN_UNDECLARED_SELECTOR = YES;
				GCC_WARN_UNINITIALIZED_AUTOS = YES_AGGRESSIVE;
				GCC_WARN_UNUSED_FUNCTION = YES;
				GCC_WARN_UNUSED_VARIABLE = YES;
				IPHONEOS_DEPLOYMENT_TARGET = 13.7;
				MTL_ENABLE_DEBUG_INFO = INCLUDE_SOURCE;
				MTL_FAST_MATH = YES;
				ONLY_ACTIVE_ARCH = YES;
				SDKROOT = iphoneos;
				SWIFT_ACTIVE_COMPILATION_CONDITIONS = DEBUG;
				SWIFT_OPTIMIZATION_LEVEL = "-Onone";
			};
			name = Debug;
		};
		57CB15AF2526823A004D430A /* Release */ = {
			isa = XCBuildConfiguration;
			buildSettings = {
				ALWAYS_SEARCH_USER_PATHS = NO;
				CLANG_ANALYZER_NONNULL = YES;
				CLANG_ANALYZER_NUMBER_OBJECT_CONVERSION = YES_AGGRESSIVE;
				CLANG_CXX_LANGUAGE_STANDARD = "gnu++14";
				CLANG_CXX_LIBRARY = "libc++";
				CLANG_ENABLE_MODULES = YES;
				CLANG_ENABLE_OBJC_ARC = YES;
				CLANG_ENABLE_OBJC_WEAK = YES;
				CLANG_WARN_BLOCK_CAPTURE_AUTORELEASING = YES;
				CLANG_WARN_BOOL_CONVERSION = YES;
				CLANG_WARN_COMMA = YES;
				CLANG_WARN_CONSTANT_CONVERSION = YES;
				CLANG_WARN_DEPRECATED_OBJC_IMPLEMENTATIONS = YES;
				CLANG_WARN_DIRECT_OBJC_ISA_USAGE = YES_ERROR;
				CLANG_WARN_DOCUMENTATION_COMMENTS = YES;
				CLANG_WARN_EMPTY_BODY = YES;
				CLANG_WARN_ENUM_CONVERSION = YES;
				CLANG_WARN_INFINITE_RECURSION = YES;
				CLANG_WARN_INT_CONVERSION = YES;
				CLANG_WARN_NON_LITERAL_NULL_CONVERSION = YES;
				CLANG_WARN_OBJC_IMPLICIT_RETAIN_SELF = YES;
				CLANG_WARN_OBJC_LITERAL_CONVERSION = YES;
				CLANG_WARN_OBJC_ROOT_CLASS = YES_ERROR;
				CLANG_WARN_RANGE_LOOP_ANALYSIS = YES;
				CLANG_WARN_STRICT_PROTOTYPES = YES;
				CLANG_WARN_SUSPICIOUS_MOVE = YES;
				CLANG_WARN_UNGUARDED_AVAILABILITY = YES_AGGRESSIVE;
				CLANG_WARN_UNREACHABLE_CODE = YES;
				CLANG_WARN__DUPLICATE_METHOD_MATCH = YES;
				COPY_PHASE_STRIP = NO;
				DEBUG_INFORMATION_FORMAT = "dwarf-with-dsym";
				ENABLE_NS_ASSERTIONS = NO;
				ENABLE_STRICT_OBJC_MSGSEND = YES;
				GCC_C_LANGUAGE_STANDARD = gnu11;
				GCC_NO_COMMON_BLOCKS = YES;
				GCC_WARN_64_TO_32_BIT_CONVERSION = YES;
				GCC_WARN_ABOUT_RETURN_TYPE = YES_ERROR;
				GCC_WARN_UNDECLARED_SELECTOR = YES;
				GCC_WARN_UNINITIALIZED_AUTOS = YES_AGGRESSIVE;
				GCC_WARN_UNUSED_FUNCTION = YES;
				GCC_WARN_UNUSED_VARIABLE = YES;
				IPHONEOS_DEPLOYMENT_TARGET = 13.7;
				MTL_ENABLE_DEBUG_INFO = NO;
				MTL_FAST_MATH = YES;
				SDKROOT = iphoneos;
				SWIFT_COMPILATION_MODE = wholemodule;
				SWIFT_OPTIMIZATION_LEVEL = "-O";
				VALIDATE_PRODUCT = YES;
			};
			name = Release;
		};
		57CB15B12526823A004D430A /* Debug */ = {
			isa = XCBuildConfiguration;
			buildSettings = {
				ASSETCATALOG_COMPILER_APPICON_NAME = AppIcon;
				CODE_SIGN_STYLE = Automatic;
				DEVELOPMENT_TEAM = 552FE6SCDL;
				INFOPLIST_FILE = Tasks/Info.plist;
				LD_RUNPATH_SEARCH_PATHS = (
					"$(inherited)",
					"@executable_path/Frameworks",
				);
				PRODUCT_BUNDLE_IDENTIFIER = com.joshuabseitz.Tasks;
				PRODUCT_NAME = "$(TARGET_NAME)";
				SWIFT_VERSION = 5.0;
				TARGETED_DEVICE_FAMILY = "1,2";
			};
			name = Debug;
		};
		57CB15B22526823A004D430A /* Release */ = {
			isa = XCBuildConfiguration;
			buildSettings = {
				ASSETCATALOG_COMPILER_APPICON_NAME = AppIcon;
				CODE_SIGN_STYLE = Automatic;
				DEVELOPMENT_TEAM = 552FE6SCDL;
				INFOPLIST_FILE = Tasks/Info.plist;
				LD_RUNPATH_SEARCH_PATHS = (
					"$(inherited)",
					"@executable_path/Frameworks",
				);
				PRODUCT_BUNDLE_IDENTIFIER = com.joshuabseitz.Tasks;
				PRODUCT_NAME = "$(TARGET_NAME)";
				SWIFT_VERSION = 5.0;
				TARGETED_DEVICE_FAMILY = "1,2";
			};
			name = Release;
		};
/* End XCBuildConfiguration section */

/* Begin XCConfigurationList section */
		57CB159725268237004D430A /* Build configuration list for PBXProject "Tasks" */ = {
			isa = XCConfigurationList;
			buildConfigurations = (
				57CB15AE2526823A004D430A /* Debug */,
				57CB15AF2526823A004D430A /* Release */,
			);
			defaultConfigurationIsVisible = 0;
			defaultConfigurationName = Release;
		};
		57CB15B02526823A004D430A /* Build configuration list for PBXNativeTarget "Tasks" */ = {
			isa = XCConfigurationList;
			buildConfigurations = (
				57CB15B12526823A004D430A /* Debug */,
				57CB15B22526823A004D430A /* Release */,
			);
			defaultConfigurationIsVisible = 0;
			defaultConfigurationName = Release;
		};
/* End XCConfigurationList section */

/* Begin XCVersionGroup section */
		57E0F0E425311F1E00C7BA82 /* Tasks.xcdatamodeld */ = {
			isa = XCVersionGroup;
			children = (
				57E0F0E525311F1E00C7BA82 /* Model.xcdatamodel */,
			);
			currentVersion = 57E0F0E525311F1E00C7BA82 /* Model.xcdatamodel */;
			path = Tasks.xcdatamodeld;
			sourceTree = "<group>";
			versionGroupType = wrapper.xcdatamodel;
		};
/* End XCVersionGroup section */
	};
	rootObject = 57CB159425268237004D430A /* Project object */;
}
